
Microsoft Visual Studio Solution File, Format Version 12.00
# Visual Studio 15
VisualStudioVersion = 15.0.27703.2026
MinimumVisualStudioVersion = 10.0.40219.1
Project("{FAE04EC0-301F-11D3-BF4B-00C04F79EFBC}") = "MissionSelector", "MissionSelector\MissionSelector.csproj", "{FF3FECA5-FB24-489D-9A40-A51C83A58865}"
EndProject
Global
	GlobalSection(SolutionConfigurationPlatforms) = preSolution
		Debug|Any CPU = Debug|Any CPU
		Release|Any CPU = Release|Any CPU
	EndGlobalSection
	GlobalSection(ProjectConfigurationPlatforms) = postSolution
		{FF3FECA5-FB24-489D-9A40-A51C83A58865}.Debug|Any CPU.ActiveCfg = Debug|Any CPU
		{FF3FECA5-FB24-489D-9A40-A51C83A58865}.Debug|Any CPU.Build.0 = Debug|Any CPU
		{FF3FECA5-FB24-489D-9A40-A51C83A58865}.Release|Any CPU.ActiveCfg = Release|Any CPU
		{FF3FECA5-FB24-489D-9A40-A51C83A58865}.Release|Any CPU.Build.0 = Release|Any CPU
	EndGlobalSection
	GlobalSection(SolutionProperties) = preSolution
		HideSolutionNode = FALSE
	EndGlobalSection
	GlobalSection(ExtensibilityGlobals) = postSolution
		SolutionGuid = {61337C1D-073C-4AC3-82B2-B0397CFEA2E0}
	EndGlobalSection
EndGlobal
